
Microsoft Visual Studio Solution File, Format Version 12.00
# Visual Studio Version 17
VisualStudioVersion = 17.14.36616.10
MinimumVisualStudioVersion = 10.0.40219.1
Project("{FAE04EC0-301F-11D3-BF4B-00C04F79EFBC}") = "ZinJaGo Admin", "Week1_Practical1\ZinJaGo Admin.csproj", "{E6C8031A-9E23-4859-8254-5C94B3C4779E}"
EndProject
Global
	GlobalSection(SolutionConfigurationPlatforms) = preSolution
		Debug|Any CPU = Debug|Any CPU
		Release|Any CPU = Release|Any CPU
	EndGlobalSection
	GlobalSection(ProjectConfigurationPlatforms) = postSolution
		{E6C8031A-9E23-4859-8254-5C94B3C4779E}.Debug|Any CPU.ActiveCfg = Debug|Any CPU
		{E6C8031A-9E23-4859-8254-5C94B3C4779E}.Debug|Any CPU.Build.0 = Debug|Any CPU
		{E6C8031A-9E23-4859-8254-5C94B3C4779E}.Release|Any CPU.ActiveCfg = Release|Any CPU
		{E6C8031A-9E23-4859-8254-5C94B3C4779E}.Release|Any CPU.Build.0 = Release|Any CPU
	EndGlobalSection
	GlobalSection(SolutionProperties) = preSolution
		HideSolutionNode = FALSE
	EndGlobalSection
	GlobalSection(ExtensibilityGlobals) = postSolution
		SolutionGuid = {5AFFCD56-A044-42E9-9F14-ECA9AD7457CD}
	EndGlobalSection
EndGlobal
